
Microsoft Visual Studio Solution File, Format Version 12.00
# Visual Studio Version 16
VisualStudioVersion = 16.0.30804.86
MinimumVisualStudioVersion = 10.0.40219.1
Project("{FAE04EC0-301F-11D3-BF4B-00C04F79EFBC}") = "FactoryManagmentWeb", "FactoryManagmentWeb.csproj", "{6F279389-8DA3-4EDA-BAE5-4956B7FB7361}"
EndProject
Global
	GlobalSection(SolutionConfigurationPlatforms) = preSolution
		Debug|Any CPU = Debug|Any CPU
		Release|Any CPU = Release|Any CPU
	EndGlobalSection
	GlobalSection(ProjectConfigurationPlatforms) = postSolution
		{6F279389-8DA3-4EDA-BAE5-4956B7FB7361}.Debug|Any CPU.ActiveCfg = Debug|Any CPU
		{6F279389-8DA3-4EDA-BAE5-4956B7FB7361}.Debug|Any CPU.Build.0 = Debug|Any CPU
		{6F279389-8DA3-4EDA-BAE5-4956B7FB7361}.Release|Any CPU.ActiveCfg = Release|Any CPU
		{6F279389-8DA3-4EDA-BAE5-4956B7FB7361}.Release|Any CPU.Build.0 = Release|Any CPU
	EndGlobalSection
	GlobalSection(SolutionProperties) = preSolution
		HideSolutionNode = FALSE
	EndGlobalSection
	GlobalSection(ExtensibilityGlobals) = postSolution
		SolutionGuid = {511A0C57-943A-460A-8515-AE46C4FFC273}
	EndGlobalSection
EndGlobal
